
Microsoft Visual Studio Solution File, Format Version 12.00
# Visual Studio Version 17
VisualStudioVersion = 17.1.32407.343
MinimumVisualStudioVersion = 10.0.40219.1
Project("{FAE04EC0-301F-11D3-BF4B-00C04F79EFBC}") = "Lab4_SQL", "Lab4_SQL\Lab4_SQL.csproj", "{EEEC725A-81F7-4DFD-B670-0ED02B680732}"
EndProject
Project("{9A19103F-16F7-4668-BE54-9A1E7A4F7556}") = "Lab4", "Lab4\Lab4.csproj", "{87B0D365-898E-4DC4-B95A-F6108D03A3BA}"
EndProject
Project("{FAE04EC0-301F-11D3-BF4B-00C04F79EFBC}") = "Task", "Task\Task.csproj", "{1F1B4F21-EBDF-43F2-A4C7-637550FE5E0F}"
EndProject
Global
	GlobalSection(SolutionConfigurationPlatforms) = preSolution
		Debug|Any CPU = Debug|Any CPU
		Release|Any CPU = Release|Any CPU
	EndGlobalSection
	GlobalSection(ProjectConfigurationPlatforms) = postSolution
		{EEEC725A-81F7-4DFD-B670-0ED02B680732}.Debug|Any CPU.ActiveCfg = Debug|Any CPU
		{EEEC725A-81F7-4DFD-B670-0ED02B680732}.Debug|Any CPU.Build.0 = Debug|Any CPU
		{EEEC725A-81F7-4DFD-B670-0ED02B680732}.Release|Any CPU.ActiveCfg = Release|Any CPU
		{EEEC725A-81F7-4DFD-B670-0ED02B680732}.Release|Any CPU.Build.0 = Release|Any CPU
		{87B0D365-898E-4DC4-B95A-F6108D03A3BA}.Debug|Any CPU.ActiveCfg = Debug|Any CPU
		{87B0D365-898E-4DC4-B95A-F6108D03A3BA}.Debug|Any CPU.Build.0 = Debug|Any CPU
		{87B0D365-898E-4DC4-B95A-F6108D03A3BA}.Release|Any CPU.ActiveCfg = Release|Any CPU
		{87B0D365-898E-4DC4-B95A-F6108D03A3BA}.Release|Any CPU.Build.0 = Release|Any CPU
		{1F1B4F21-EBDF-43F2-A4C7-637550FE5E0F}.Debug|Any CPU.ActiveCfg = Debug|Any CPU
		{1F1B4F21-EBDF-43F2-A4C7-637550FE5E0F}.Debug|Any CPU.Build.0 = Debug|Any CPU
		{1F1B4F21-EBDF-43F2-A4C7-637550FE5E0F}.Release|Any CPU.ActiveCfg = Release|Any CPU
		{1F1B4F21-EBDF-43F2-A4C7-637550FE5E0F}.Release|Any CPU.Build.0 = Release|Any CPU
	EndGlobalSection
	GlobalSection(SolutionProperties) = preSolution
		HideSolutionNode = FALSE
	EndGlobalSection
	GlobalSection(ExtensibilityGlobals) = postSolution
		SolutionGuid = {A9E1F4E7-2359-4852-A9A6-DECAF30AC8EB}
	EndGlobalSection
EndGlobal
